
Microsoft Visual Studio Solution File, Format Version 12.00
# Visual Studio Version 17
VisualStudioVersion = 17.8.34322.80
MinimumVisualStudioVersion = 10.0.40219.1
Project("{FAE04EC0-301F-11D3-BF4B-00C04F79EFBC}") = "projeto_Davi2", "projeto_Davi2.csproj", "{93324B0B-50FE-4F63-A10E-6CF225E3DF1C}"
EndProject
Global
	GlobalSection(SolutionConfigurationPlatforms) = preSolution
		Debug|Any CPU = Debug|Any CPU
		Release|Any CPU = Release|Any CPU
	EndGlobalSection
	GlobalSection(ProjectConfigurationPlatforms) = postSolution
		{93324B0B-50FE-4F63-A10E-6CF225E3DF1C}.Debug|Any CPU.ActiveCfg = Debug|Any CPU
		{93324B0B-50FE-4F63-A10E-6CF225E3DF1C}.Debug|Any CPU.Build.0 = Debug|Any CPU
		{93324B0B-50FE-4F63-A10E-6CF225E3DF1C}.Release|Any CPU.ActiveCfg = Release|Any CPU
		{93324B0B-50FE-4F63-A10E-6CF225E3DF1C}.Release|Any CPU.Build.0 = Release|Any CPU
	EndGlobalSection
	GlobalSection(SolutionProperties) = preSolution
		HideSolutionNode = FALSE
	EndGlobalSection
	GlobalSection(ExtensibilityGlobals) = postSolution
		SolutionGuid = {4B606314-1DEE-4464-AD45-0AD365E7094B}
	EndGlobalSection
EndGlobal
